
Microsoft Visual Studio Solution File, Format Version 12.00
# Visual Studio Version 16
VisualStudioVersion = 16.0.30717.126
MinimumVisualStudioVersion = 10.0.40219.1
Project("{9A19103F-16F7-4668-BE54-9A1E7A4F7556}") = "BitEFClasses", "..\BitEFClasses\BitEFClasses.csproj", "{546454C4-75BA-4B24-8B4A-68354986D223}"
EndProject
Project("{FAE04EC0-301F-11D3-BF4B-00C04F79EFBC}") = "BitTests", "BitTests\BitTests.csproj", "{DDF29EC3-9439-413E-86DF-D32B59D6236B}"
EndProject
Global
	GlobalSection(SolutionConfigurationPlatforms) = preSolution
		Debug|Any CPU = Debug|Any CPU
		Release|Any CPU = Release|Any CPU
	EndGlobalSection
	GlobalSection(ProjectConfigurationPlatforms) = postSolution
		{546454C4-75BA-4B24-8B4A-68354986D223}.Debug|Any CPU.ActiveCfg = Debug|Any CPU
		{546454C4-75BA-4B24-8B4A-68354986D223}.Debug|Any CPU.Build.0 = Debug|Any CPU
		{546454C4-75BA-4B24-8B4A-68354986D223}.Release|Any CPU.ActiveCfg = Release|Any CPU
		{546454C4-75BA-4B24-8B4A-68354986D223}.Release|Any CPU.Build.0 = Release|Any CPU
		{DDF29EC3-9439-413E-86DF-D32B59D6236B}.Debug|Any CPU.ActiveCfg = Debug|Any CPU
		{DDF29EC3-9439-413E-86DF-D32B59D6236B}.Debug|Any CPU.Build.0 = Debug|Any CPU
		{DDF29EC3-9439-413E-86DF-D32B59D6236B}.Release|Any CPU.ActiveCfg = Release|Any CPU
		{DDF29EC3-9439-413E-86DF-D32B59D6236B}.Release|Any CPU.Build.0 = Release|Any CPU
	EndGlobalSection
	GlobalSection(SolutionProperties) = preSolution
		HideSolutionNode = FALSE
	EndGlobalSection
	GlobalSection(ExtensibilityGlobals) = postSolution
		SolutionGuid = {E90A1E43-7E75-406A-B449-56F55247B905}
	EndGlobalSection
EndGlobal
